// !$*UTF8*$!
{
	archiveVersion = 1;
	classes = {
	};
	objectVersion = 46;
	objects = {

/* Begin PBXBuildFile section */
		882942F31CB6A51F0076B7CA /* AppDelegate.swift in Sources */ = {isa = PBXBuildFile; fileRef = 882942F21CB6A51F0076B7CA /* AppDelegate.swift */; };
		882942F51CB6A51F0076B7CA /* ViewController.swift in Sources */ = {isa = PBXBuildFile; fileRef = 882942F41CB6A51F0076B7CA /* ViewController.swift */; };
		882942F81CB6A51F0076B7CA /* Main.storyboard in Resources */ = {isa = PBXBuildFile; fileRef = 882942F61CB6A51F0076B7CA /* Main.storyboard */; };
		882942FA1CB6A51F0076B7CA /* Assets.xcassets in Resources */ = {isa = PBXBuildFile; fileRef = 882942F91CB6A51F0076B7CA /* Assets.xcassets */; };
		882942FD1CB6A51F0076B7CA /* LaunchScreen.storyboard in Resources */ = {isa = PBXBuildFile; fileRef = 882942FB1CB6A51F0076B7CA /* LaunchScreen.storyboard */; };
		882943071CB6A5D50076B7CA /* GopherKit.framework in Frameworks */ = {isa = PBXBuildFile; fileRef = 882943061CB6A5D50076B7CA /* GopherKit.framework */; };
/* End PBXBuildFile section */

/* Begin PBXFileReference section */
		882942EF1CB6A51F0076B7CA /* GopherDemoIOS.app */ = {isa = PBXFileReference; explicitFileType = wrapper.application; includeInIndex = 0; path = GopherDemoIOS.app; sourceTree = BUILT_PRODUCTS_DIR; };
		882942F21CB6A51F0076B7CA /* AppDelegate.swift */ = {isa = PBXFileReference; lastKnownFileType = sourcecode.swift; path = AppDelegate.swift; sourceTree = "<group>"; };
		882942F41CB6A51F0076B7CA /* ViewController.swift */ = {isa = PBXFileReference; lastKnownFileType = sourcecode.swift; path = ViewController.swift; sourceTree = "<group>"; };
		882942F71CB6A51F0076B7CA /* Base */ = {isa = PBXFileReference; lastKnownFileType = file.storyboard; name = Base; path = Base.lproj/Main.storyboard; sourceTree = "<group>"; };
		882942F91CB6A51F0076B7CA /* Assets.xcassets */ = {isa = PBXFileReference; lastKnownFileType = folder.assetcatalog; path = Assets.xcassets; sourceTree = "<group>"; };
		882942FC1CB6A51F0076B7CA /* Base */ = {isa = PBXFileReference; lastKnownFileType = file.storyboard; name = Base; path = Base.lproj/LaunchScreen.storyboard; sourceTree = "<group>"; };
		882942FE1CB6A51F0076B7CA /* Info.plist */ = {isa = PBXFileReference; lastKnownFileType = text.plist.xml; path = Info.plist; sourceTree = "<group>"; };
		882943061CB6A5D50076B7CA /* GopherKit.framework */ = {isa = PBXFileReference; lastKnownFileType = wrapper.framework; path = GopherKit.framework; sourceTree = "<group>"; };
/* End PBXFileReference section */

/* Begin PBXFrameworksBuildPhase section */
		882942EC1CB6A51E0076B7CA /* Frameworks */ = {
			isa = PBXFrameworksBuildPhase;
			buildActionMask = 2147483647;
			files = (
				882943071CB6A5D50076B7CA /* GopherKit.framework in Frameworks */,
			);
			runOnlyForDeploymentPostprocessing = 0;
		};
/* End PBXFrameworksBuildPhase section */

/* Begin PBXGroup section */
		882942E61CB6A51E0076B7CA = {
			isa = PBXGroup;
			children = (
				882942F11CB6A51F0076B7CA /* GopherDemoIOS */,
				882942F01CB6A51F0076B7CA /* Products */,
			);
			sourceTree = "<group>";
		};
		882942F01CB6A51F0076B7CA /* Products */ = {
			isa = PBXGroup;
			children = (
				882942EF1CB6A51F0076B7CA /* GopherDemoIOS.app */,
			);
			name = Products;
			sourceTree = "<group>";
		};
		882942F11CB6A51F0076B7CA /* GopherDemoIOS */ = {
			isa = PBXGroup;
			children = (
				882943061CB6A5D50076B7CA /* GopherKit.framework */,
				882942F21CB6A51F0076B7CA /* AppDelegate.swift */,
				882942F41CB6A51F0076B7CA /* ViewController.swift */,
				882942F61CB6A51F0076B7CA /* Main.storyboard */,
				882942F91CB6A51F0076B7CA /* Assets.xcassets */,
				882942FB1CB6A51F0076B7CA /* LaunchScreen.storyboard */,
				882942FE1CB6A51F0076B7CA /* Info.plist */,
			);
			path = GopherDemoIOS;
			sourceTree = "<group>";
		};
/* End PBXGroup section */

/* Begin PBXNativeTarget section */
		882942EE1CB6A51E0076B7CA /* GopherDemoIOS */ = {
			isa = PBXNativeTarget;
			buildConfigurationList = 882943011CB6A51F0076B7CA /* Build configuration list for PBXNativeTarget "GopherDemoIOS" */;
			buildPhases = (
				882942EB1CB6A51E0076B7CA /* Sources */,
				882942EC1CB6A51E0076B7CA /* Frameworks */,
				882942ED1CB6A51E0076B7CA /* Resources */,
			);
			buildRules = (
			);
			dependencies = (
			);
			name = GopherDemoIOS;
			productName = GopherDemoIOS;
			productReference = 882942EF1CB6A51F0076B7CA /* GopherDemoIOS.app */;
			productType = "com.apple.product-type.application";
		};
/* End PBXNativeTarget section */

/* Begin PBXProject section */
		882942E71CB6A51E0076B7CA /* Project object */ = {
			isa = PBXProject;
			attributes = {
				LastSwiftUpdateCheck = 0730;
				LastUpgradeCheck = 0730;
				ORGANIZATIONNAME = tomasen.org;
				TargetAttributes = {
					882942EE1CB6A51E0076B7CA = {
						CreatedOnToolsVersion = 7.3;
					};
				};
			};
			buildConfigurationList = 882942EA1CB6A51E0076B7CA /* Build configuration list for PBXProject "GopherDemoIOS" */;
			compatibilityVersion = "Xcode 3.2";
			developmentRegion = English;
			hasScannedForEncodings = 0;
			knownRegions = (
				en,
				Base,
			);
			mainGroup = 882942E61CB6A51E0076B7CA;
			productRefGroup = 882942F01CB6A51F0076B7CA /* Products */;
			projectDirPath = "";
			projectRoot = "";
			targets = (
				882942EE1CB6A51E0076B7CA /* GopherDemoIOS */,
			);
		};
/* End PBXProject section */

/* Begin PBXResourcesBuildPhase section */
		882942ED1CB6A51E0076B7CA /* Resources */ = {
			isa = PBXResourcesBuildPhase;
			buildActionMask = 2147483647;
			files = (
				882942FD1CB6A51F0076B7CA /* LaunchScreen.storyboard in Resources */,
				882942FA1CB6A51F0076B7CA /* Assets.xcassets in Resources */,
				882942F81CB6A51F0076B7CA /* Main.storyboard in Resources */,
			);
			runOnlyForDeploymentPostprocessing = 0;
		};
/* End PBXResourcesBuildPhase section */

/* Begin PBXSourcesBuildPhase section */
		882942EB1CB6A51E0076B7CA /* Sources */ = {
			isa = PBXSourcesBuildPhase;
			buildActionMask = 2147483647;
			files = (
				882942F51CB6A51F0076B7CA /* ViewController.swift in Sources */,
				882942F31CB6A51F0076B7CA /* AppDelegate.swift in Sources */,
			);
			runOnlyForDeploymentPostprocessing = 0;
		};
/* End PBXSourcesBuildPhase section */

/* Begin PBXVariantGroup section */
		882942F61CB6A51F0076B7CA /* Main.storyboard */ = {
			isa = PBXVariantGroup;
			children = (
				882942F71CB6A51F0076B7CA /* Base */,
			);
			name = Main.storyboard;
			sourceTree = "<group>";
		};
		882942FB1CB6A51F0076B7CA /* LaunchScreen.storyboard */ = {
			isa = PBXVariantGroup;
			children = (
				882942FC1CB6A51F0076B7CA /* Base */,
			);
			name = LaunchScreen.storyboard;
			sourceTree = "<group>";
		};
/* End PBXVariantGroup section */

/* Begin XCBuildConfiguration section */
		882942FF1CB6A51F0076B7CA /* Debug */ = {
			isa = XCBuildConfiguration;
			buildSettings = {
				ALWAYS_SEARCH_USER_PATHS = NO;
				CLANG_ANALYZER_NONNULL = YES;
				CLANG_CXX_LANGUAGE_STANDARD = "gnu++0x";
				CLANG_CXX_LIBRARY = "libc++";
				CLANG_ENABLE_MODULES = YES;
				CLANG_ENABLE_OBJC_ARC = YES;
				CLANG_WARN_BOOL_CONVERSION = YES;
				CLANG_WARN_CONSTANT_CONVERSION = YES;
				CLANG_WARN_DIRECT_OBJC_ISA_USAGE = YES_ERROR;
				CLANG_WARN_EMPTY_BODY = YES;
				CLANG_WARN_ENUM_CONVERSION = YES;
				CLANG_WARN_INT_CONVERSION = YES;
				CLANG_WARN_OBJC_ROOT_CLASS = YES_ERROR;
				CLANG_WARN_UNREACHABLE_CODE = YES;
				CLANG_WARN__DUPLICATE_METHOD_MATCH = YES;
				"CODE_SIGN_IDENTITY[sdk=iphoneos*]" = "iPhone Developer";
				COPY_PHASE_STRIP = NO;
				DEBUG_INFORMATION_FORMAT = dwarf;
				ENABLE_STRICT_OBJC_MSGSEND = YES;
				ENABLE_TESTABILITY = YES;
				GCC_C_LANGUAGE_STANDARD = gnu99;
				GCC_DYNAMIC_NO_PIC = NO;
				GCC_NO_COMMON_BLOCKS = YES;
				GCC_OPTIMIZATION_LEVEL = 0;
				GCC_PREPROCESSOR_DEFINITIONS = (
					"DEBUG=1",
					"$(inherited)",
				);
				GCC_WARN_64_TO_32_BIT_CONVERSION = YES;
				GCC_WARN_ABOUT_RETURN_TYPE = YES_ERROR;
				GCC_WARN_UNDECLARED_SELECTOR = YES;
				GCC_WARN_UNINITIALIZED_AUTOS = YES_AGGRESSIVE;
				GCC_WARN_UNUSED_FUNCTION = YES;
				GCC_WARN_UNUSED_VARIABLE = YES;
				IPHONEOS_DEPLOYMENT_TARGET = 9.3;
				MTL_ENABLE_DEBUG_INFO = YES;
				ONLY_ACTIVE_ARCH = YES;
				SDKROOT = iphoneos;
				SWIFT_OPTIMIZATION_LEVEL = "-Onone";
				TARGETED_DEVICE_FAMILY = "1,2";
			};
			name = Debug;
		};
		882943001CB6A51F0076B7CA /* Release */ = {
			isa = XCBuildConfiguration;
			buildSettings = {
				ALWAYS_SEARCH_USER_PATHS = NO;
				CLANG_ANALYZER_NONNULL = YES;
				CLANG_CXX_LANGUAGE_STANDARD = "gnu++0x";
				CLANG_CXX_LIBRARY = "libc++";
				CLANG_ENABLE_MODULES = YES;
				CLANG_ENABLE_OBJC_ARC = YES;
				CLANG_WARN_BOOL_CONVERSION = YES;
				CLANG_WARN_CONSTANT_CONVERSION = YES;
				CLANG_WARN_DIRECT_OBJC_ISA_USAGE = YES_ERROR;
				CLANG_WARN_EMPTY_BODY = YES;
				CLANG_WARN_ENUM_CONVERSION = YES;
				CLANG_WARN_INT_CONVERSION = YES;
				CLANG_WARN_OBJC_ROOT_CLASS = YES_ERROR;
				CLANG_WARN_UNREACHABLE_CODE = YES;
				CLANG_WARN__DUPLICATE_METHOD_MATCH = YES;
				"CODE_SIGN_IDENTITY[sdk=iphoneos*]" = "iPhone Developer";
				COPY_PHASE_STRIP = NO;
				DEBUG_INFORMATION_FORMAT = "dwarf-with-dsym";
				ENABLE_NS_ASSERTIONS = NO;
				ENABLE_STRICT_OBJC_MSGSEND = YES;
				GCC_C_LANGUAGE_STANDARD = gnu99;
				GCC_NO_COMMON_BLOCKS = YES;
				GCC_WARN_64_TO_32_BIT_CONVERSION = YES;
				GCC_WARN_ABOUT_RETURN_TYPE = YES_ERROR;
				GCC_WARN_UNDECLARED_SELECTOR = YES;
				GCC_WARN_UNINITIALIZED_AUTOS = YES_AGGRESSIVE;
				GCC_WARN_UNUSED_FUNCTION = YES;
				GCC_WARN_UNUSED_VARIABLE = YES;
				IPHONEOS_DEPLOYMENT_TARGET = 9.3;
				MTL_ENABLE_DEBUG_INFO = NO;
				SDKROOT = iphoneos;
				TARGETED_DEVICE_FAMILY = "1,2";
				VALIDATE_PRODUCT = YES;
			};
			name = Release;
		};
		882943021CB6A51F0076B7CA /* Debug */ = {
			isa = XCBuildConfiguration;
			buildSettings = {
				ASSETCATALOG_COMPILER_APPICON_NAME = AppIcon;
				FRAMEWORK_SEARCH_PATHS = (
					"$(inherited)",
					"$(PROJECT_DIR)/GopherDemoIOS",
				);
				INFOPLIST_FILE = GopherDemoIOS/Info.plist;
				LD_RUNPATH_SEARCH_PATHS = "$(inherited) @executable_path/Frameworks";
				PRODUCT_BUNDLE_IDENTIFIER = com.tomasen.org.GopherDemoIOS;
				PRODUCT_NAME = "$(TARGET_NAME)";
			};
			name = Debug;
		};
		882943031CB6A51F0076B7CA /* Release */ = {
			isa = XCBuildConfiguration;
			buildSettings = {
				ASSETCATALOG_COMPILER_APPICON_NAME = AppIcon;
				FRAMEWORK_SEARCH_PATHS = (
					"$(inherited)",
					"$(PROJECT_DIR)/GopherDemoIOS",
				);
				INFOPLIST_FILE = GopherDemoIOS/Info.plist;
				LD_RUNPATH_SEARCH_PATHS = "$(inherited) @executable_path/Frameworks";
				PRODUCT_BUNDLE_IDENTIFIER = com.tomasen.org.GopherDemoIOS;
				PRODUCT_NAME = "$(TARGET_NAME)";
			};
			name = Release;
		};
/* End XCBuildConfiguration section */

/* Begin XCConfigurationList section */
		882942EA1CB6A51E0076B7CA /* Build configuration list for PBXProject "GopherDemoIOS" */ = {
			isa = XCConfigurationList;
			buildConfigurations = (
				882942FF1CB6A51F0076B7CA /* Debug */,
				882943001CB6A51F0076B7CA /* Release */,
			);
			defaultConfigurationIsVisible = 0;
			defaultConfigurationName = Release;
		};
		882943011CB6A51F0076B7CA /* Build configuration list for PBXNativeTarget "GopherDemoIOS" */ = {
			isa = XCConfigurationList;
			buildConfigurations = (
				882943021CB6A51F0076B7CA /* Debug */,
				882943031CB6A51F0076B7CA /* Release */,
			);
			defaultConfigurationIsVisible = 0;
		};
/* End XCConfigurationList section */
	};
	rootObject = 882942E71CB6A51E0076B7CA /* Project object */;
}
